
Microsoft Visual Studio Solution File, Format Version 12.00
# Visual Studio 15
VisualStudioVersion = 15.0.27428.2005
MinimumVisualStudioVersion = 10.0.40219.1
Project("{FAE04EC0-301F-11D3-BF4B-00C04F79EFBC}") = "hand2", "hand2\hand2.csproj", "{2C67CC3F-7B3A-4112-86B8-AD670062A6C7}"
EndProject
Global
	GlobalSection(SolutionConfigurationPlatforms) = preSolution
		Debug|Any CPU = Debug|Any CPU
		Release|Any CPU = Release|Any CPU
	EndGlobalSection
	GlobalSection(ProjectConfigurationPlatforms) = postSolution
		{2C67CC3F-7B3A-4112-86B8-AD670062A6C7}.Debug|Any CPU.ActiveCfg = Debug|Any CPU
		{2C67CC3F-7B3A-4112-86B8-AD670062A6C7}.Debug|Any CPU.Build.0 = Debug|Any CPU
		{2C67CC3F-7B3A-4112-86B8-AD670062A6C7}.Release|Any CPU.ActiveCfg = Release|Any CPU
		{2C67CC3F-7B3A-4112-86B8-AD670062A6C7}.Release|Any CPU.Build.0 = Release|Any CPU
	EndGlobalSection
	GlobalSection(SolutionProperties) = preSolution
		HideSolutionNode = FALSE
	EndGlobalSection
	GlobalSection(ExtensibilityGlobals) = postSolution
		SolutionGuid = {9EF63F2C-6411-476F-94BB-993852796B7F}
	EndGlobalSection
EndGlobal
